
Microsoft Visual Studio Solution File, Format Version 12.00
# Visual Studio Version 16
VisualStudioVersion = 16.0.30128.74
MinimumVisualStudioVersion = 10.0.40219.1
Project("{FAE04EC0-301F-11D3-BF4B-00C04F79EFBC}") = "Sendbird", "Sendbird\Sendbird.csproj", "{0DBD508E-30BB-40A4-B2AC-0FDE607FA8B4}"
EndProject
Project("{FAE04EC0-301F-11D3-BF4B-00C04F79EFBC}") = "SendbirdTests", "SendbirdTests\SendbirdTests.csproj", "{A1DADD00-7E27-4F70-8278-B299A0C12206}"
EndProject
Global
	GlobalSection(SolutionConfigurationPlatforms) = preSolution
		Debug|Any CPU = Debug|Any CPU
		Release|Any CPU = Release|Any CPU
	EndGlobalSection
	GlobalSection(ProjectConfigurationPlatforms) = postSolution
		{0DBD508E-30BB-40A4-B2AC-0FDE607FA8B4}.Debug|Any CPU.ActiveCfg = Debug|Any CPU
		{0DBD508E-30BB-40A4-B2AC-0FDE607FA8B4}.Debug|Any CPU.Build.0 = Debug|Any CPU
		{0DBD508E-30BB-40A4-B2AC-0FDE607FA8B4}.Release|Any CPU.ActiveCfg = Release|Any CPU
		{0DBD508E-30BB-40A4-B2AC-0FDE607FA8B4}.Release|Any CPU.Build.0 = Release|Any CPU
		{A1DADD00-7E27-4F70-8278-B299A0C12206}.Debug|Any CPU.ActiveCfg = Debug|Any CPU
		{A1DADD00-7E27-4F70-8278-B299A0C12206}.Debug|Any CPU.Build.0 = Debug|Any CPU
		{A1DADD00-7E27-4F70-8278-B299A0C12206}.Release|Any CPU.ActiveCfg = Release|Any CPU
		{A1DADD00-7E27-4F70-8278-B299A0C12206}.Release|Any CPU.Build.0 = Release|Any CPU
	EndGlobalSection
	GlobalSection(SolutionProperties) = preSolution
		HideSolutionNode = FALSE
	EndGlobalSection
	GlobalSection(ExtensibilityGlobals) = postSolution
		SolutionGuid = {1483BF9E-89E5-4998-86F5-CFDB29B30ADB}
	EndGlobalSection
EndGlobal
